// !$*UTF8*$!
{
	archiveVersion = 1;
	classes = {
	};
	objectVersion = 46;
	objects = {

/* Begin PBXBuildFile section */
		B8A9C23D1AA300BF0024418D /* AppDelegate.swift in Sources */ = {isa = PBXBuildFile; fileRef = B8A9C23C1AA300BF0024418D /* AppDelegate.swift */; };
		B8A9C2401AA300BF0024418D /* dentakuSwift.xcdatamodeld in Sources */ = {isa = PBXBuildFile; fileRef = B8A9C23E1AA300BF0024418D /* dentakuSwift.xcdatamodeld */; };
		B8A9C2421AA300BF0024418D /* ViewController.swift in Sources */ = {isa = PBXBuildFile; fileRef = B8A9C2411AA300BF0024418D /* ViewController.swift */; };
		B8A9C2451AA300BF0024418D /* Main.storyboard in Resources */ = {isa = PBXBuildFile; fileRef = B8A9C2431AA300BF0024418D /* Main.storyboard */; };
		B8A9C2471AA300BF0024418D /* Images.xcassets in Resources */ = {isa = PBXBuildFile; fileRef = B8A9C2461AA300BF0024418D /* Images.xcassets */; };
		B8A9C24A1AA300BF0024418D /* LaunchScreen.xib in Resources */ = {isa = PBXBuildFile; fileRef = B8A9C2481AA300BF0024418D /* LaunchScreen.xib */; };
		B8A9C2561AA300BF0024418D /* dentakuSwiftTests.swift in Sources */ = {isa = PBXBuildFile; fileRef = B8A9C2551AA300BF0024418D /* dentakuSwiftTests.swift */; };
/* End PBXBuildFile section */

/* Begin PBXContainerItemProxy section */
		B8A9C2501AA300BF0024418D /* PBXContainerItemProxy */ = {
			isa = PBXContainerItemProxy;
			containerPortal = B8A9C22F1AA300BE0024418D /* Project object */;
			proxyType = 1;
			remoteGlobalIDString = B8A9C2361AA300BF0024418D;
			remoteInfo = dentakuSwift;
		};
/* End PBXContainerItemProxy section */

/* Begin PBXFileReference section */
		B8A9C2371AA300BF0024418D /* dentakuSwift.app */ = {isa = PBXFileReference; explicitFileType = wrapper.application; includeInIndex = 0; path = dentakuSwift.app; sourceTree = BUILT_PRODUCTS_DIR; };
		B8A9C23B1AA300BF0024418D /* Info.plist */ = {isa = PBXFileReference; lastKnownFileType = text.plist.xml; path = Info.plist; sourceTree = "<group>"; };
		B8A9C23C1AA300BF0024418D /* AppDelegate.swift */ = {isa = PBXFileReference; lastKnownFileType = sourcecode.swift; path = AppDelegate.swift; sourceTree = "<group>"; };
		B8A9C23F1AA300BF0024418D /* dentakuSwift.xcdatamodel */ = {isa = PBXFileReference; lastKnownFileType = wrapper.xcdatamodel; path = dentakuSwift.xcdatamodel; sourceTree = "<group>"; };
		B8A9C2411AA300BF0024418D /* ViewController.swift */ = {isa = PBXFileReference; lastKnownFileType = sourcecode.swift; path = ViewController.swift; sourceTree = "<group>"; };
		B8A9C2441AA300BF0024418D /* Base */ = {isa = PBXFileReference; lastKnownFileType = file.storyboard; name = Base; path = Base.lproj/Main.storyboard; sourceTree = "<group>"; };
		B8A9C2461AA300BF0024418D /* Images.xcassets */ = {isa = PBXFileReference; lastKnownFileType = folder.assetcatalog; path = Images.xcassets; sourceTree = "<group>"; };
		B8A9C2491AA300BF0024418D /* Base */ = {isa = PBXFileReference; lastKnownFileType = file.xib; name = Base; path = Base.lproj/LaunchScreen.xib; sourceTree = "<group>"; };
		B8A9C24F1AA300BF0024418D /* dentakuSwiftTests.xctest */ = {isa = PBXFileReference; explicitFileType = wrapper.cfbundle; includeInIndex = 0; path = dentakuSwiftTests.xctest; sourceTree = BUILT_PRODUCTS_DIR; };
		B8A9C2541AA300BF0024418D /* Info.plist */ = {isa = PBXFileReference; lastKnownFileType = text.plist.xml; path = Info.plist; sourceTree = "<group>"; };
		B8A9C2551AA300BF0024418D /* dentakuSwiftTests.swift */ = {isa = PBXFileReference; lastKnownFileType = sourcecode.swift; path = dentakuSwiftTests.swift; sourceTree = "<group>"; };
/* End PBXFileReference section */

/* Begin PBXFrameworksBuildPhase section */
		B8A9C2341AA300BF0024418D /* Frameworks */ = {
			isa = PBXFrameworksBuildPhase;
			buildActionMask = 2147483647;
			files = (
			);
			runOnlyForDeploymentPostprocessing = 0;
		};
		B8A9C24C1AA300BF0024418D /* Frameworks */ = {
			isa = PBXFrameworksBuildPhase;
			buildActionMask = 2147483647;
			files = (
			);
			runOnlyForDeploymentPostprocessing = 0;
		};
/* End PBXFrameworksBuildPhase section */

/* Begin PBXGroup section */
		B8A9C22E1AA300BE0024418D = {
			isa = PBXGroup;
			children = (
				B8A9C2391AA300BF0024418D /* dentakuSwift */,
				B8A9C2521AA300BF0024418D /* dentakuSwiftTests */,
				B8A9C2381AA300BF0024418D /* Products */,
			);
			sourceTree = "<group>";
		};
		B8A9C2381AA300BF0024418D /* Products */ = {
			isa = PBXGroup;
			children = (
				B8A9C2371AA300BF0024418D /* dentakuSwift.app */,
				B8A9C24F1AA300BF0024418D /* dentakuSwiftTests.xctest */,
			);
			name = Products;
			sourceTree = "<group>";
		};
		B8A9C2391AA300BF0024418D /* dentakuSwift */ = {
			isa = PBXGroup;
			children = (
				B8A9C23C1AA300BF0024418D /* AppDelegate.swift */,
				B8A9C2411AA300BF0024418D /* ViewController.swift */,
				B8A9C2431AA300BF0024418D /* Main.storyboard */,
				B8A9C2461AA300BF0024418D /* Images.xcassets */,
				B8A9C2481AA300BF0024418D /* LaunchScreen.xib */,
				B8A9C23E1AA300BF0024418D /* dentakuSwift.xcdatamodeld */,
				B8A9C23A1AA300BF0024418D /* Supporting Files */,
			);
			path = dentakuSwift;
			sourceTree = "<group>";
		};
		B8A9C23A1AA300BF0024418D /* Supporting Files */ = {
			isa = PBXGroup;
			children = (
				B8A9C23B1AA300BF0024418D /* Info.plist */,
			);
			name = "Supporting Files";
			sourceTree = "<group>";
		};
		B8A9C2521AA300BF0024418D /* dentakuSwiftTests */ = {
			isa = PBXGroup;
			children = (
				B8A9C2551AA300BF0024418D /* dentakuSwiftTests.swift */,
				B8A9C2531AA300BF0024418D /* Supporting Files */,
			);
			path = dentakuSwiftTests;
			sourceTree = "<group>";
		};
		B8A9C2531AA300BF0024418D /* Supporting Files */ = {
			isa = PBXGroup;
			children = (
				B8A9C2541AA300BF0024418D /* Info.plist */,
			);
			name = "Supporting Files";
			sourceTree = "<group>";
		};
/* End PBXGroup section */

/* Begin PBXNativeTarget section */
		B8A9C2361AA300BF0024418D /* dentakuSwift */ = {
			isa = PBXNativeTarget;
			buildConfigurationList = B8A9C2591AA300BF0024418D /* Build configuration list for PBXNativeTarget "dentakuSwift" */;
			buildPhases = (
				B8A9C2331AA300BF0024418D /* Sources */,
				B8A9C2341AA300BF0024418D /* Frameworks */,
				B8A9C2351AA300BF0024418D /* Resources */,
			);
			buildRules = (
			);
			dependencies = (
			);
			name = dentakuSwift;
			productName = dentakuSwift;
			productReference = B8A9C2371AA300BF0024418D /* dentakuSwift.app */;
			productType = "com.apple.product-type.application";
		};
		B8A9C24E1AA300BF0024418D /* dentakuSwiftTests */ = {
			isa = PBXNativeTarget;
			buildConfigurationList = B8A9C25C1AA300BF0024418D /* Build configuration list for PBXNativeTarget "dentakuSwiftTests" */;
			buildPhases = (
				B8A9C24B1AA300BF0024418D /* Sources */,
				B8A9C24C1AA300BF0024418D /* Frameworks */,
				B8A9C24D1AA300BF0024418D /* Resources */,
			);
			buildRules = (
			);
			dependencies = (
				B8A9C2511AA300BF0024418D /* PBXTargetDependency */,
			);
			name = dentakuSwiftTests;
			productName = dentakuSwiftTests;
			productReference = B8A9C24F1AA300BF0024418D /* dentakuSwiftTests.xctest */;
			productType = "com.apple.product-type.bundle.unit-test";
		};
/* End PBXNativeTarget section */

/* Begin PBXProject section */
		B8A9C22F1AA300BE0024418D /* Project object */ = {
			isa = PBXProject;
			attributes = {
				LastUpgradeCheck = 0610;
				ORGANIZATIONNAME = LifeisTech;
				TargetAttributes = {
					B8A9C2361AA300BF0024418D = {
						CreatedOnToolsVersion = 6.1.1;
					};
					B8A9C24E1AA300BF0024418D = {
						CreatedOnToolsVersion = 6.1.1;
						TestTargetID = B8A9C2361AA300BF0024418D;
					};
				};
			};
			buildConfigurationList = B8A9C2321AA300BE0024418D /* Build configuration list for PBXProject "dentakuSwift" */;
			compatibilityVersion = "Xcode 3.2";
			developmentRegion = English;
			hasScannedForEncodings = 0;
			knownRegions = (
				en,
				Base,
			);
			mainGroup = B8A9C22E1AA300BE0024418D;
			productRefGroup = B8A9C2381AA300BF0024418D /* Products */;
			projectDirPath = "";
			projectRoot = "";
			targets = (
				B8A9C2361AA300BF0024418D /* dentakuSwift */,
				B8A9C24E1AA300BF0024418D /* dentakuSwiftTests */,
			);
		};
/* End PBXProject section */

/* Begin PBXResourcesBuildPhase section */
		B8A9C2351AA300BF0024418D /* Resources */ = {
			isa = PBXResourcesBuildPhase;
			buildActionMask = 2147483647;
			files = (
				B8A9C2451AA300BF0024418D /* Main.storyboard in Resources */,
				B8A9C24A1AA300BF0024418D /* LaunchScreen.xib in Resources */,
				B8A9C2471AA300BF0024418D /* Images.xcassets in Resources */,
			);
			runOnlyForDeploymentPostprocessing = 0;
		};
		B8A9C24D1AA300BF0024418D /* Resources */ = {
			isa = PBXResourcesBuildPhase;
			buildActionMask = 2147483647;
			files = (
			);
			runOnlyForDeploymentPostprocessing = 0;
		};
/* End PBXResourcesBuildPhase section */

/* Begin PBXSourcesBuildPhase section */
		B8A9C2331AA300BF0024418D /* Sources */ = {
			isa = PBXSourcesBuildPhase;
			buildActionMask = 2147483647;
			files = (
				B8A9C2421AA300BF0024418D /* ViewController.swift in Sources */,
				B8A9C2401AA300BF0024418D /* dentakuSwift.xcdatamodeld in Sources */,
				B8A9C23D1AA300BF0024418D /* AppDelegate.swift in Sources */,
			);
			runOnlyForDeploymentPostprocessing = 0;
		};
		B8A9C24B1AA300BF0024418D /* Sources */ = {
			isa = PBXSourcesBuildPhase;
			buildActionMask = 2147483647;
			files = (
				B8A9C2561AA300BF0024418D /* dentakuSwiftTests.swift in Sources */,
			);
			runOnlyForDeploymentPostprocessing = 0;
		};
/* End PBXSourcesBuildPhase section */

/* Begin PBXTargetDependency section */
		B8A9C2511AA300BF0024418D /* PBXTargetDependency */ = {
			isa = PBXTargetDependency;
			target = B8A9C2361AA300BF0024418D /* dentakuSwift */;
			targetProxy = B8A9C2501AA300BF0024418D /* PBXContainerItemProxy */;
		};
/* End PBXTargetDependency section */

/* Begin PBXVariantGroup section */
		B8A9C2431AA300BF0024418D /* Main.storyboard */ = {
			isa = PBXVariantGroup;
			children = (
				B8A9C2441AA300BF0024418D /* Base */,
			);
			name = Main.storyboard;
			sourceTree = "<group>";
		};
		B8A9C2481AA300BF0024418D /* LaunchScreen.xib */ = {
			isa = PBXVariantGroup;
			children = (
				B8A9C2491AA300BF0024418D /* Base */,
			);
			name = LaunchScreen.xib;
			sourceTree = "<group>";
		};
/* End PBXVariantGroup section */

/* Begin XCBuildConfiguration section */
		B8A9C2571AA300BF0024418D /* Debug */ = {
			isa = XCBuildConfiguration;
			buildSettings = {
				ALWAYS_SEARCH_USER_PATHS = NO;
				CLANG_CXX_LANGUAGE_STANDARD = "gnu++0x";
				CLANG_CXX_LIBRARY = "libc++";
				CLANG_ENABLE_MODULES = YES;
				CLANG_ENABLE_OBJC_ARC = YES;
				CLANG_WARN_BOOL_CONVERSION = YES;
				CLANG_WARN_CONSTANT_CONVERSION = YES;
				CLANG_WARN_DIRECT_OBJC_ISA_USAGE = YES_ERROR;
				CLANG_WARN_EMPTY_BODY = YES;
				CLANG_WARN_ENUM_CONVERSION = YES;
				CLANG_WARN_INT_CONVERSION = YES;
				CLANG_WARN_OBJC_ROOT_CLASS = YES_ERROR;
				CLANG_WARN_UNREACHABLE_CODE = YES;
				CLANG_WARN__DUPLICATE_METHOD_MATCH = YES;
				"CODE_SIGN_IDENTITY[sdk=iphoneos*]" = "iPhone Developer";
				COPY_PHASE_STRIP = NO;
				ENABLE_STRICT_OBJC_MSGSEND = YES;
				GCC_C_LANGUAGE_STANDARD = gnu99;
				GCC_DYNAMIC_NO_PIC = NO;
				GCC_OPTIMIZATION_LEVEL = 0;
				GCC_PREPROCESSOR_DEFINITIONS = (
					"DEBUG=1",
					"$(inherited)",
				);
				GCC_SYMBOLS_PRIVATE_EXTERN = NO;
				GCC_WARN_64_TO_32_BIT_CONVERSION = YES;
				GCC_WARN_ABOUT_RETURN_TYPE = YES_ERROR;
				GCC_WARN_UNDECLARED_SELECTOR = YES;
				GCC_WARN_UNINITIALIZED_AUTOS = YES_AGGRESSIVE;
				GCC_WARN_UNUSED_FUNCTION = YES;
				GCC_WARN_UNUSED_VARIABLE = YES;
				IPHONEOS_DEPLOYMENT_TARGET = 8.1;
				MTL_ENABLE_DEBUG_INFO = YES;
				ONLY_ACTIVE_ARCH = YES;
				SDKROOT = iphoneos;
				SWIFT_OPTIMIZATION_LEVEL = "-Onone";
			};
			name = Debug;
		};
		B8A9C2581AA300BF0024418D /* Release */ = {
			isa = XCBuildConfiguration;
			buildSettings = {
				ALWAYS_SEARCH_USER_PATHS = NO;
				CLANG_CXX_LANGUAGE_STANDARD = "gnu++0x";
				CLANG_CXX_LIBRARY = "libc++";
				CLANG_ENABLE_MODULES = YES;
				CLANG_ENABLE_OBJC_ARC = YES;
				CLANG_WARN_BOOL_CONVERSION = YES;
				CLANG_WARN_CONSTANT_CONVERSION = YES;
				CLANG_WARN_DIRECT_OBJC_ISA_USAGE = YES_ERROR;
				CLANG_WARN_EMPTY_BODY = YES;
				CLANG_WARN_ENUM_CONVERSION = YES;
				CLANG_WARN_INT_CONVERSION = YES;
				CLANG_WARN_OBJC_ROOT_CLASS = YES_ERROR;
				CLANG_WARN_UNREACHABLE_CODE = YES;
				CLANG_WARN__DUPLICATE_METHOD_MATCH = YES;
				"CODE_SIGN_IDENTITY[sdk=iphoneos*]" = "iPhone Developer";
				COPY_PHASE_STRIP = YES;
				ENABLE_NS_ASSERTIONS = NO;
				ENABLE_STRICT_OBJC_MSGSEND = YES;
				GCC_C_LANGUAGE_STANDARD = gnu99;
				GCC_WARN_64_TO_32_BIT_CONVERSION = YES;
				GCC_WARN_ABOUT_RETURN_TYPE = YES_ERROR;
				GCC_WARN_UNDECLARED_SELECTOR = YES;
				GCC_WARN_UNINITIALIZED_AUTOS = YES_AGGRESSIVE;
				GCC_WARN_UNUSED_FUNCTION = YES;
				GCC_WARN_UNUSED_VARIABLE = YES;
				IPHONEOS_DEPLOYMENT_TARGET = 8.1;
				MTL_ENABLE_DEBUG_INFO = NO;
				SDKROOT = iphoneos;
				VALIDATE_PRODUCT = YES;
			};
			name = Release;
		};
		B8A9C25A1AA300BF0024418D /* Debug */ = {
			isa = XCBuildConfiguration;
			buildSettings = {
				ASSETCATALOG_COMPILER_APPICON_NAME = AppIcon;
				INFOPLIST_FILE = dentakuSwift/Info.plist;
				LD_RUNPATH_SEARCH_PATHS = "$(inherited) @executable_path/Frameworks";
				PRODUCT_NAME = "$(TARGET_NAME)";
			};
			name = Debug;
		};
		B8A9C25B1AA300BF0024418D /* Release */ = {
			isa = XCBuildConfiguration;
			buildSettings = {
				ASSETCATALOG_COMPILER_APPICON_NAME = AppIcon;
				INFOPLIST_FILE = dentakuSwift/Info.plist;
				LD_RUNPATH_SEARCH_PATHS = "$(inherited) @executable_path/Frameworks";
				PRODUCT_NAME = "$(TARGET_NAME)";
			};
			name = Release;
		};
		B8A9C25D1AA300BF0024418D /* Debug */ = {
			isa = XCBuildConfiguration;
			buildSettings = {
				BUNDLE_LOADER = "$(TEST_HOST)";
				FRAMEWORK_SEARCH_PATHS = (
					"$(SDKROOT)/Developer/Library/Frameworks",
					"$(inherited)",
				);
				GCC_PREPROCESSOR_DEFINITIONS = (
					"DEBUG=1",
					"$(inherited)",
				);
				INFOPLIST_FILE = dentakuSwiftTests/Info.plist;
				LD_RUNPATH_SEARCH_PATHS = "$(inherited) @executable_path/Frameworks @loader_path/Frameworks";
				PRODUCT_NAME = "$(TARGET_NAME)";
				TEST_HOST = "$(BUILT_PRODUCTS_DIR)/dentakuSwift.app/dentakuSwift";
			};
			name = Debug;
		};
		B8A9C25E1AA300BF0024418D /* Release */ = {
			isa = XCBuildConfiguration;
			buildSettings = {
				BUNDLE_LOADER = "$(TEST_HOST)";
				FRAMEWORK_SEARCH_PATHS = (
					"$(SDKROOT)/Developer/Library/Frameworks",
					"$(inherited)",
				);
				INFOPLIST_FILE = dentakuSwiftTests/Info.plist;
				LD_RUNPATH_SEARCH_PATHS = "$(inherited) @executable_path/Frameworks @loader_path/Frameworks";
				PRODUCT_NAME = "$(TARGET_NAME)";
				TEST_HOST = "$(BUILT_PRODUCTS_DIR)/dentakuSwift.app/dentakuSwift";
			};
			name = Release;
		};
/* End XCBuildConfiguration section */

/* Begin XCConfigurationList section */
		B8A9C2321AA300BE0024418D /* Build configuration list for PBXProject "dentakuSwift" */ = {
			isa = XCConfigurationList;
			buildConfigurations = (
				B8A9C2571AA300BF0024418D /* Debug */,
				B8A9C2581AA300BF0024418D /* Release */,
			);
			defaultConfigurationIsVisible = 0;
			defaultConfigurationName = Release;
		};
		B8A9C2591AA300BF0024418D /* Build configuration list for PBXNativeTarget "dentakuSwift" */ = {
			isa = XCConfigurationList;
			buildConfigurations = (
				B8A9C25A1AA300BF0024418D /* Debug */,
				B8A9C25B1AA300BF0024418D /* Release */,
			);
			defaultConfigurationIsVisible = 0;
		};
		B8A9C25C1AA300BF0024418D /* Build configuration list for PBXNativeTarget "dentakuSwiftTests" */ = {
			isa = XCConfigurationList;
			buildConfigurations = (
				B8A9C25D1AA300BF0024418D /* Debug */,
				B8A9C25E1AA300BF0024418D /* Release */,
			);
			defaultConfigurationIsVisible = 0;
		};
/* End XCConfigurationList section */

/* Begin XCVersionGroup section */
		B8A9C23E1AA300BF0024418D /* dentakuSwift.xcdatamodeld */ = {
			isa = XCVersionGroup;
			children = (
				B8A9C23F1AA300BF0024418D /* dentakuSwift.xcdatamodel */,
			);
			currentVersion = B8A9C23F1AA300BF0024418D /* dentakuSwift.xcdatamodel */;
			path = dentakuSwift.xcdatamodeld;
			sourceTree = "<group>";
			versionGroupType = wrapper.xcdatamodel;
		};
/* End XCVersionGroup section */
	};
	rootObject = B8A9C22F1AA300BE0024418D /* Project object */;
}
